
Microsoft Visual Studio Solution File, Format Version 12.00
# Visual Studio Version 17
VisualStudioVersion = 17.7.34024.191
MinimumVisualStudioVersion = 10.0.40219.1
Project("{FAE04EC0-301F-11D3-BF4B-00C04F79EFBC}") = "DAL", "DAL\DAL.csproj", "{EFE51695-C0C1-479D-A2D3-E98CFEFFF549}"
EndProject
Project("{FAE04EC0-301F-11D3-BF4B-00C04F79EFBC}") = "BLL", "BLL\BLL.csproj", "{CD912F95-4BEC-4AED-916E-D36B924500D7}"
EndProject
Project("{FAE04EC0-301F-11D3-BF4B-00C04F79EFBC}") = "Models", "Models\Models.csproj", "{9B114E6D-4B91-4C4E-80CD-E5E1AE5D3154}"
EndProject
Project("{FAE04EC0-301F-11D3-BF4B-00C04F79EFBC}") = "TestConsole", "TestConsole\TestConsole.csproj", "{4AE580D7-15AE-46CB-B580-4F5336FE3912}"
EndProject
Project("{9A19103F-16F7-4668-BE54-9A1E7A4F7556}") = "Net6.JWT", "Net6.JWT\Net6.JWT.csproj", "{EFD6A0DD-8321-45E8-B832-8ACB8C7DF3FD}"
EndProject
Global
	GlobalSection(SolutionConfigurationPlatforms) = preSolution
		Debug|Any CPU = Debug|Any CPU
		Release|Any CPU = Release|Any CPU
	EndGlobalSection
	GlobalSection(ProjectConfigurationPlatforms) = postSolution
		{EFE51695-C0C1-479D-A2D3-E98CFEFFF549}.Debug|Any CPU.ActiveCfg = Debug|Any CPU
		{EFE51695-C0C1-479D-A2D3-E98CFEFFF549}.Debug|Any CPU.Build.0 = Debug|Any CPU
		{EFE51695-C0C1-479D-A2D3-E98CFEFFF549}.Release|Any CPU.ActiveCfg = Release|Any CPU
		{EFE51695-C0C1-479D-A2D3-E98CFEFFF549}.Release|Any CPU.Build.0 = Release|Any CPU
		{CD912F95-4BEC-4AED-916E-D36B924500D7}.Debug|Any CPU.ActiveCfg = Debug|Any CPU
		{CD912F95-4BEC-4AED-916E-D36B924500D7}.Debug|Any CPU.Build.0 = Debug|Any CPU
		{CD912F95-4BEC-4AED-916E-D36B924500D7}.Release|Any CPU.ActiveCfg = Release|Any CPU
		{CD912F95-4BEC-4AED-916E-D36B924500D7}.Release|Any CPU.Build.0 = Release|Any CPU
		{9B114E6D-4B91-4C4E-80CD-E5E1AE5D3154}.Debug|Any CPU.ActiveCfg = Debug|Any CPU
		{9B114E6D-4B91-4C4E-80CD-E5E1AE5D3154}.Debug|Any CPU.Build.0 = Debug|Any CPU
		{9B114E6D-4B91-4C4E-80CD-E5E1AE5D3154}.Release|Any CPU.ActiveCfg = Release|Any CPU
		{9B114E6D-4B91-4C4E-80CD-E5E1AE5D3154}.Release|Any CPU.Build.0 = Release|Any CPU
		{4AE580D7-15AE-46CB-B580-4F5336FE3912}.Debug|Any CPU.ActiveCfg = Debug|Any CPU
		{4AE580D7-15AE-46CB-B580-4F5336FE3912}.Debug|Any CPU.Build.0 = Debug|Any CPU
		{4AE580D7-15AE-46CB-B580-4F5336FE3912}.Release|Any CPU.ActiveCfg = Release|Any CPU
		{4AE580D7-15AE-46CB-B580-4F5336FE3912}.Release|Any CPU.Build.0 = Release|Any CPU
		{EFD6A0DD-8321-45E8-B832-8ACB8C7DF3FD}.Debug|Any CPU.ActiveCfg = Debug|Any CPU
		{EFD6A0DD-8321-45E8-B832-8ACB8C7DF3FD}.Debug|Any CPU.Build.0 = Debug|Any CPU
		{EFD6A0DD-8321-45E8-B832-8ACB8C7DF3FD}.Release|Any CPU.ActiveCfg = Release|Any CPU
		{EFD6A0DD-8321-45E8-B832-8ACB8C7DF3FD}.Release|Any CPU.Build.0 = Release|Any CPU
	EndGlobalSection
	GlobalSection(SolutionProperties) = preSolution
		HideSolutionNode = FALSE
	EndGlobalSection
	GlobalSection(ExtensibilityGlobals) = postSolution
		SolutionGuid = {C4B1A167-8D03-4FB2-928D-8A3CBC60494B}
	EndGlobalSection
EndGlobal
